
Microsoft Visual Studio Solution File, Format Version 12.00
# Visual Studio Version 16
VisualStudioVersion = 16.0.29001.49
MinimumVisualStudioVersion = 10.0.40219.1
Project("{9A19103F-16F7-4668-BE54-9A1E7A4F7556}") = "01. Party Profit", "01. Party Profit\01. Party Profit.csproj", "{031E76F1-03E7-493A-9F7D-5DF4BE2512B0}"
EndProject
Project("{9A19103F-16F7-4668-BE54-9A1E7A4F7556}") = "02. Dungeonest Dark", "02. Dungeonest Dark\02. Dungeonest Dark.csproj", "{6924D6E1-7B07-4A0B-8232-A9238C820F2D}"
EndProject
Project("{FAE04EC0-301F-11D3-BF4B-00C04F79EFBC}") = "03. Quests Journal", "03. Quests Journal\03. Quests Journal.csproj", "{7DEC1037-7C06-4050-AC26-6E48C5139811}"
EndProject
Global
	GlobalSection(SolutionConfigurationPlatforms) = preSolution
		Debug|Any CPU = Debug|Any CPU
		Release|Any CPU = Release|Any CPU
	EndGlobalSection
	GlobalSection(ProjectConfigurationPlatforms) = postSolution
		{031E76F1-03E7-493A-9F7D-5DF4BE2512B0}.Debug|Any CPU.ActiveCfg = Debug|Any CPU
		{031E76F1-03E7-493A-9F7D-5DF4BE2512B0}.Debug|Any CPU.Build.0 = Debug|Any CPU
		{031E76F1-03E7-493A-9F7D-5DF4BE2512B0}.Release|Any CPU.ActiveCfg = Release|Any CPU
		{031E76F1-03E7-493A-9F7D-5DF4BE2512B0}.Release|Any CPU.Build.0 = Release|Any CPU
		{6924D6E1-7B07-4A0B-8232-A9238C820F2D}.Debug|Any CPU.ActiveCfg = Debug|Any CPU
		{6924D6E1-7B07-4A0B-8232-A9238C820F2D}.Debug|Any CPU.Build.0 = Debug|Any CPU
		{6924D6E1-7B07-4A0B-8232-A9238C820F2D}.Release|Any CPU.ActiveCfg = Release|Any CPU
		{6924D6E1-7B07-4A0B-8232-A9238C820F2D}.Release|Any CPU.Build.0 = Release|Any CPU
		{7DEC1037-7C06-4050-AC26-6E48C5139811}.Debug|Any CPU.ActiveCfg = Debug|Any CPU
		{7DEC1037-7C06-4050-AC26-6E48C5139811}.Debug|Any CPU.Build.0 = Debug|Any CPU
		{7DEC1037-7C06-4050-AC26-6E48C5139811}.Release|Any CPU.ActiveCfg = Release|Any CPU
		{7DEC1037-7C06-4050-AC26-6E48C5139811}.Release|Any CPU.Build.0 = Release|Any CPU
	EndGlobalSection
	GlobalSection(SolutionProperties) = preSolution
		HideSolutionNode = FALSE
	EndGlobalSection
	GlobalSection(ExtensibilityGlobals) = postSolution
		SolutionGuid = {4A266CB9-C205-4AF2-BB2E-389F72BFD879}
	EndGlobalSection
EndGlobal
