
Microsoft Visual Studio Solution File, Format Version 12.00
# Visual Studio Version 16
VisualStudioVersion = 16.0.29102.190
MinimumVisualStudioVersion = 10.0.40219.1
Project("{FAE04EC0-301F-11D3-BF4B-00C04F79EFBC}") = "01. Vapor Winter Sale", "01. Vapor Winter Sale\01. Vapor Winter Sale.csproj", "{5616E601-552B-4E44-8AE2-1258E23A6AD4}"
EndProject
Project("{FAE04EC0-301F-11D3-BF4B-00C04F79EFBC}") = "02. Activation Keys", "02. Activation Keys\02. Activation Keys.csproj", "{90161B23-2032-45FC-A869-F3F92CE6C752}"
EndProject
Global
	GlobalSection(SolutionConfigurationPlatforms) = preSolution
		Debug|Any CPU = Debug|Any CPU
		Release|Any CPU = Release|Any CPU
	EndGlobalSection
	GlobalSection(ProjectConfigurationPlatforms) = postSolution
		{5616E601-552B-4E44-8AE2-1258E23A6AD4}.Debug|Any CPU.ActiveCfg = Debug|Any CPU
		{5616E601-552B-4E44-8AE2-1258E23A6AD4}.Debug|Any CPU.Build.0 = Debug|Any CPU
		{5616E601-552B-4E44-8AE2-1258E23A6AD4}.Release|Any CPU.ActiveCfg = Release|Any CPU
		{5616E601-552B-4E44-8AE2-1258E23A6AD4}.Release|Any CPU.Build.0 = Release|Any CPU
		{90161B23-2032-45FC-A869-F3F92CE6C752}.Debug|Any CPU.ActiveCfg = Debug|Any CPU
		{90161B23-2032-45FC-A869-F3F92CE6C752}.Debug|Any CPU.Build.0 = Debug|Any CPU
		{90161B23-2032-45FC-A869-F3F92CE6C752}.Release|Any CPU.ActiveCfg = Release|Any CPU
		{90161B23-2032-45FC-A869-F3F92CE6C752}.Release|Any CPU.Build.0 = Release|Any CPU
	EndGlobalSection
	GlobalSection(SolutionProperties) = preSolution
		HideSolutionNode = FALSE
	EndGlobalSection
	GlobalSection(ExtensibilityGlobals) = postSolution
		SolutionGuid = {96E8C2E0-6FAF-4C1F-B0F1-851229947884}
	EndGlobalSection
EndGlobal
