
Microsoft Visual Studio Solution File, Format Version 12.00
# Visual Studio Version 16
VisualStudioVersion = 16.0.29001.49
MinimumVisualStudioVersion = 10.0.40219.1
Project("{9A19103F-16F7-4668-BE54-9A1E7A4F7556}") = "01. Spring Vacation Trip", "01. Spring Vacation Trip\01. Spring Vacation Trip.csproj", "{643F04ED-55ED-4B2D-8758-9D6F0281ACD8}"
EndProject
Project("{9A19103F-16F7-4668-BE54-9A1E7A4F7556}") = "02. Hello, France", "02. Hello, France\02. Hello, France.csproj", "{C331F5A0-1C1F-4E03-B1EC-4024C42C92E2}"
EndProject
Project("{FAE04EC0-301F-11D3-BF4B-00C04F79EFBC}") = "03. Last Stop", "03. Last Stop\03. Last Stop.csproj", "{00AE9E7B-85BC-4C33-B5E2-5CF47A407EB0}"
EndProject
Global
	GlobalSection(SolutionConfigurationPlatforms) = preSolution
		Debug|Any CPU = Debug|Any CPU
		Release|Any CPU = Release|Any CPU
	EndGlobalSection
	GlobalSection(ProjectConfigurationPlatforms) = postSolution
		{643F04ED-55ED-4B2D-8758-9D6F0281ACD8}.Debug|Any CPU.ActiveCfg = Debug|Any CPU
		{643F04ED-55ED-4B2D-8758-9D6F0281ACD8}.Debug|Any CPU.Build.0 = Debug|Any CPU
		{643F04ED-55ED-4B2D-8758-9D6F0281ACD8}.Release|Any CPU.ActiveCfg = Release|Any CPU
		{643F04ED-55ED-4B2D-8758-9D6F0281ACD8}.Release|Any CPU.Build.0 = Release|Any CPU
		{C331F5A0-1C1F-4E03-B1EC-4024C42C92E2}.Debug|Any CPU.ActiveCfg = Debug|Any CPU
		{C331F5A0-1C1F-4E03-B1EC-4024C42C92E2}.Debug|Any CPU.Build.0 = Debug|Any CPU
		{C331F5A0-1C1F-4E03-B1EC-4024C42C92E2}.Release|Any CPU.ActiveCfg = Release|Any CPU
		{C331F5A0-1C1F-4E03-B1EC-4024C42C92E2}.Release|Any CPU.Build.0 = Release|Any CPU
		{00AE9E7B-85BC-4C33-B5E2-5CF47A407EB0}.Debug|Any CPU.ActiveCfg = Debug|Any CPU
		{00AE9E7B-85BC-4C33-B5E2-5CF47A407EB0}.Debug|Any CPU.Build.0 = Debug|Any CPU
		{00AE9E7B-85BC-4C33-B5E2-5CF47A407EB0}.Release|Any CPU.ActiveCfg = Release|Any CPU
		{00AE9E7B-85BC-4C33-B5E2-5CF47A407EB0}.Release|Any CPU.Build.0 = Release|Any CPU
	EndGlobalSection
	GlobalSection(SolutionProperties) = preSolution
		HideSolutionNode = FALSE
	EndGlobalSection
	GlobalSection(ExtensibilityGlobals) = postSolution
		SolutionGuid = {D63FB097-F5AE-44D8-BD67-E9F327F6706B}
	EndGlobalSection
EndGlobal
