
Microsoft Visual Studio Solution File, Format Version 12.00
# Visual Studio Version 16
VisualStudioVersion = 16.0.29102.190
MinimumVisualStudioVersion = 10.0.40219.1
Project("{FAE04EC0-301F-11D3-BF4B-00C04F79EFBC}") = "01. Dictionary", "01. Dictionary\01. Dictionary.csproj", "{A8871AB6-3822-4DD8-9346-0EA805B7DDE7}"
EndProject
Project("{FAE04EC0-301F-11D3-BF4B-00C04F79EFBC}") = "02. Deciphering", "02. Deciphering\02. Deciphering.csproj", "{834C0A9C-F8A4-4152-9978-3BB3A7712908}"
EndProject
Global
	GlobalSection(SolutionConfigurationPlatforms) = preSolution
		Debug|Any CPU = Debug|Any CPU
		Release|Any CPU = Release|Any CPU
	EndGlobalSection
	GlobalSection(ProjectConfigurationPlatforms) = postSolution
		{A8871AB6-3822-4DD8-9346-0EA805B7DDE7}.Debug|Any CPU.ActiveCfg = Debug|Any CPU
		{A8871AB6-3822-4DD8-9346-0EA805B7DDE7}.Debug|Any CPU.Build.0 = Debug|Any CPU
		{A8871AB6-3822-4DD8-9346-0EA805B7DDE7}.Release|Any CPU.ActiveCfg = Release|Any CPU
		{A8871AB6-3822-4DD8-9346-0EA805B7DDE7}.Release|Any CPU.Build.0 = Release|Any CPU
		{834C0A9C-F8A4-4152-9978-3BB3A7712908}.Debug|Any CPU.ActiveCfg = Debug|Any CPU
		{834C0A9C-F8A4-4152-9978-3BB3A7712908}.Debug|Any CPU.Build.0 = Debug|Any CPU
		{834C0A9C-F8A4-4152-9978-3BB3A7712908}.Release|Any CPU.ActiveCfg = Release|Any CPU
		{834C0A9C-F8A4-4152-9978-3BB3A7712908}.Release|Any CPU.Build.0 = Release|Any CPU
	EndGlobalSection
	GlobalSection(SolutionProperties) = preSolution
		HideSolutionNode = FALSE
	EndGlobalSection
	GlobalSection(ExtensibilityGlobals) = postSolution
		SolutionGuid = {7B5244F5-B038-4D62-924A-F8CE556EC7CD}
	EndGlobalSection
EndGlobal
