
Microsoft Visual Studio Solution File, Format Version 12.00
# Visual Studio Version 16
VisualStudioVersion = 16.0.28803.452
MinimumVisualStudioVersion = 10.0.40219.1
Project("{9A19103F-16F7-4668-BE54-9A1E7A4F7556}") = "1. Train", "1. Train\1. Train.csproj", "{4702A98F-AA12-498D-8A49-5536159F7DF4}"
EndProject
Project("{9A19103F-16F7-4668-BE54-9A1E7A4F7556}") = "2. Common Elements", "2. Common Elements\2. Common Elements.csproj", "{A06050CD-CF7B-400D-B871-ED1C332A04C8}"
EndProject
Project("{9A19103F-16F7-4668-BE54-9A1E7A4F7556}") = "3. Zig-Zag Arrays", "3. Zig-Zag Arrays\3. Zig-Zag Arrays.csproj", "{8B6C943B-8D3A-4E9C-A084-F1F1D57884AF}"
EndProject
Project("{9A19103F-16F7-4668-BE54-9A1E7A4F7556}") = "4. Array Rotation", "4. Array Rotation\4. Array Rotation.csproj", "{C3BD9946-F722-4D4C-AA25-6FF938F90E07}"
EndProject
Project("{9A19103F-16F7-4668-BE54-9A1E7A4F7556}") = "5. Top Integers", "5. Top Integers\5. Top Integers.csproj", "{14EF7A81-6785-4715-9DC0-80AC60C65977}"
EndProject
Project("{9A19103F-16F7-4668-BE54-9A1E7A4F7556}") = "6. Equal Sum", "6. Equal Sum\6. Equal Sum.csproj", "{5ACEC450-7A21-47D1-AA67-1ABE470C5BB2}"
EndProject
Project("{9A19103F-16F7-4668-BE54-9A1E7A4F7556}") = "7. Max Sequence of Equal Elements", "7. Max Sequence of Equal Elements\7. Max Sequence of Equal Elements.csproj", "{7D66B613-6466-4345-ACCA-E2CD496A5D85}"
EndProject
Project("{9A19103F-16F7-4668-BE54-9A1E7A4F7556}") = "8. Magic Sum", "8. Magic Sum\8. Magic Sum.csproj", "{2CAB6EEC-B744-4BF7-B28B-2483BA368034}"
EndProject
Project("{FAE04EC0-301F-11D3-BF4B-00C04F79EFBC}") = "9. Kamino Factory", "9. Kamino Factory\9. Kamino Factory.csproj", "{D50DC317-BB93-43B0-BBC5-7B89553297B6}"
EndProject
Project("{FAE04EC0-301F-11D3-BF4B-00C04F79EFBC}") = "10. LadyBugs", "10. LadyBugs\10. LadyBugs.csproj", "{CAB9E721-81C6-40FD-88D3-F1EE4D062C2C}"
EndProject
Global
	GlobalSection(SolutionConfigurationPlatforms) = preSolution
		Debug|Any CPU = Debug|Any CPU
		Release|Any CPU = Release|Any CPU
	EndGlobalSection
	GlobalSection(ProjectConfigurationPlatforms) = postSolution
		{4702A98F-AA12-498D-8A49-5536159F7DF4}.Debug|Any CPU.ActiveCfg = Debug|Any CPU
		{4702A98F-AA12-498D-8A49-5536159F7DF4}.Debug|Any CPU.Build.0 = Debug|Any CPU
		{4702A98F-AA12-498D-8A49-5536159F7DF4}.Release|Any CPU.ActiveCfg = Release|Any CPU
		{4702A98F-AA12-498D-8A49-5536159F7DF4}.Release|Any CPU.Build.0 = Release|Any CPU
		{A06050CD-CF7B-400D-B871-ED1C332A04C8}.Debug|Any CPU.ActiveCfg = Debug|Any CPU
		{A06050CD-CF7B-400D-B871-ED1C332A04C8}.Debug|Any CPU.Build.0 = Debug|Any CPU
		{A06050CD-CF7B-400D-B871-ED1C332A04C8}.Release|Any CPU.ActiveCfg = Release|Any CPU
		{A06050CD-CF7B-400D-B871-ED1C332A04C8}.Release|Any CPU.Build.0 = Release|Any CPU
		{8B6C943B-8D3A-4E9C-A084-F1F1D57884AF}.Debug|Any CPU.ActiveCfg = Debug|Any CPU
		{8B6C943B-8D3A-4E9C-A084-F1F1D57884AF}.Debug|Any CPU.Build.0 = Debug|Any CPU
		{8B6C943B-8D3A-4E9C-A084-F1F1D57884AF}.Release|Any CPU.ActiveCfg = Release|Any CPU
		{8B6C943B-8D3A-4E9C-A084-F1F1D57884AF}.Release|Any CPU.Build.0 = Release|Any CPU
		{C3BD9946-F722-4D4C-AA25-6FF938F90E07}.Debug|Any CPU.ActiveCfg = Debug|Any CPU
		{C3BD9946-F722-4D4C-AA25-6FF938F90E07}.Debug|Any CPU.Build.0 = Debug|Any CPU
		{C3BD9946-F722-4D4C-AA25-6FF938F90E07}.Release|Any CPU.ActiveCfg = Release|Any CPU
		{C3BD9946-F722-4D4C-AA25-6FF938F90E07}.Release|Any CPU.Build.0 = Release|Any CPU
		{14EF7A81-6785-4715-9DC0-80AC60C65977}.Debug|Any CPU.ActiveCfg = Debug|Any CPU
		{14EF7A81-6785-4715-9DC0-80AC60C65977}.Debug|Any CPU.Build.0 = Debug|Any CPU
		{14EF7A81-6785-4715-9DC0-80AC60C65977}.Release|Any CPU.ActiveCfg = Release|Any CPU
		{14EF7A81-6785-4715-9DC0-80AC60C65977}.Release|Any CPU.Build.0 = Release|Any CPU
		{5ACEC450-7A21-47D1-AA67-1ABE470C5BB2}.Debug|Any CPU.ActiveCfg = Debug|Any CPU
		{5ACEC450-7A21-47D1-AA67-1ABE470C5BB2}.Debug|Any CPU.Build.0 = Debug|Any CPU
		{5ACEC450-7A21-47D1-AA67-1ABE470C5BB2}.Release|Any CPU.ActiveCfg = Release|Any CPU
		{5ACEC450-7A21-47D1-AA67-1ABE470C5BB2}.Release|Any CPU.Build.0 = Release|Any CPU
		{7D66B613-6466-4345-ACCA-E2CD496A5D85}.Debug|Any CPU.ActiveCfg = Debug|Any CPU
		{7D66B613-6466-4345-ACCA-E2CD496A5D85}.Debug|Any CPU.Build.0 = Debug|Any CPU
		{7D66B613-6466-4345-ACCA-E2CD496A5D85}.Release|Any CPU.ActiveCfg = Release|Any CPU
		{7D66B613-6466-4345-ACCA-E2CD496A5D85}.Release|Any CPU.Build.0 = Release|Any CPU
		{2CAB6EEC-B744-4BF7-B28B-2483BA368034}.Debug|Any CPU.ActiveCfg = Debug|Any CPU
		{2CAB6EEC-B744-4BF7-B28B-2483BA368034}.Debug|Any CPU.Build.0 = Debug|Any CPU
		{2CAB6EEC-B744-4BF7-B28B-2483BA368034}.Release|Any CPU.ActiveCfg = Release|Any CPU
		{2CAB6EEC-B744-4BF7-B28B-2483BA368034}.Release|Any CPU.Build.0 = Release|Any CPU
		{D50DC317-BB93-43B0-BBC5-7B89553297B6}.Debug|Any CPU.ActiveCfg = Debug|Any CPU
		{D50DC317-BB93-43B0-BBC5-7B89553297B6}.Debug|Any CPU.Build.0 = Debug|Any CPU
		{D50DC317-BB93-43B0-BBC5-7B89553297B6}.Release|Any CPU.ActiveCfg = Release|Any CPU
		{D50DC317-BB93-43B0-BBC5-7B89553297B6}.Release|Any CPU.Build.0 = Release|Any CPU
		{CAB9E721-81C6-40FD-88D3-F1EE4D062C2C}.Debug|Any CPU.ActiveCfg = Debug|Any CPU
		{CAB9E721-81C6-40FD-88D3-F1EE4D062C2C}.Debug|Any CPU.Build.0 = Debug|Any CPU
		{CAB9E721-81C6-40FD-88D3-F1EE4D062C2C}.Release|Any CPU.ActiveCfg = Release|Any CPU
		{CAB9E721-81C6-40FD-88D3-F1EE4D062C2C}.Release|Any CPU.Build.0 = Release|Any CPU
	EndGlobalSection
	GlobalSection(SolutionProperties) = preSolution
		HideSolutionNode = FALSE
	EndGlobalSection
	GlobalSection(ExtensibilityGlobals) = postSolution
		SolutionGuid = {A0868921-8721-49F7-AD90-B8669E52B6B6}
	EndGlobalSection
EndGlobal
