
Microsoft Visual Studio Solution File, Format Version 12.00
# Visual Studio Version 16
VisualStudioVersion = 16.0.29001.49
MinimumVisualStudioVersion = 10.0.40219.1
Project("{FAE04EC0-301F-11D3-BF4B-00C04F79EFBC}") = "01. Christmas Spirit", "01. Christmas Spirit\01. Christmas Spirit.csproj", "{BB0251D7-026D-49DA-A07F-7E3F691DC8A6}"
EndProject
Project("{FAE04EC0-301F-11D3-BF4B-00C04F79EFBC}") = "02. Santas List", "02. Santas List\02. Santas List.csproj", "{9B0889D4-1108-49DF-90DD-00AD6A66F68C}"
EndProject
Project("{FAE04EC0-301F-11D3-BF4B-00C04F79EFBC}") = "03. Present Delivery", "03. Present Delivery\03. Present Delivery.csproj", "{5555BEF1-74FC-4D04-BD56-092BBC80B2C8}"
EndProject
Global
	GlobalSection(SolutionConfigurationPlatforms) = preSolution
		Debug|Any CPU = Debug|Any CPU
		Release|Any CPU = Release|Any CPU
	EndGlobalSection
	GlobalSection(ProjectConfigurationPlatforms) = postSolution
		{BB0251D7-026D-49DA-A07F-7E3F691DC8A6}.Debug|Any CPU.ActiveCfg = Debug|Any CPU
		{BB0251D7-026D-49DA-A07F-7E3F691DC8A6}.Debug|Any CPU.Build.0 = Debug|Any CPU
		{BB0251D7-026D-49DA-A07F-7E3F691DC8A6}.Release|Any CPU.ActiveCfg = Release|Any CPU
		{BB0251D7-026D-49DA-A07F-7E3F691DC8A6}.Release|Any CPU.Build.0 = Release|Any CPU
		{9B0889D4-1108-49DF-90DD-00AD6A66F68C}.Debug|Any CPU.ActiveCfg = Debug|Any CPU
		{9B0889D4-1108-49DF-90DD-00AD6A66F68C}.Debug|Any CPU.Build.0 = Debug|Any CPU
		{9B0889D4-1108-49DF-90DD-00AD6A66F68C}.Release|Any CPU.ActiveCfg = Release|Any CPU
		{9B0889D4-1108-49DF-90DD-00AD6A66F68C}.Release|Any CPU.Build.0 = Release|Any CPU
		{5555BEF1-74FC-4D04-BD56-092BBC80B2C8}.Debug|Any CPU.ActiveCfg = Debug|Any CPU
		{5555BEF1-74FC-4D04-BD56-092BBC80B2C8}.Debug|Any CPU.Build.0 = Debug|Any CPU
		{5555BEF1-74FC-4D04-BD56-092BBC80B2C8}.Release|Any CPU.ActiveCfg = Release|Any CPU
		{5555BEF1-74FC-4D04-BD56-092BBC80B2C8}.Release|Any CPU.Build.0 = Release|Any CPU
	EndGlobalSection
	GlobalSection(SolutionProperties) = preSolution
		HideSolutionNode = FALSE
	EndGlobalSection
	GlobalSection(ExtensibilityGlobals) = postSolution
		SolutionGuid = {56C01275-402E-45A7-BE00-366F43BA45C9}
	EndGlobalSection
EndGlobal
