
Microsoft Visual Studio Solution File, Format Version 12.00
# Visual Studio Version 16
VisualStudioVersion = 16.0.29102.190
MinimumVisualStudioVersion = 10.0.40219.1
Project("{9A19103F-16F7-4668-BE54-9A1E7A4F7556}") = "01. Concert", "01. Concert\01. Concert.csproj", "{FA2DD4B1-BB35-4D16-81C6-F0FDEC5784FD}"
EndProject
Project("{FAE04EC0-301F-11D3-BF4B-00C04F79EFBC}") = "02. Song Encryption", "02. Song Encryption\02. Song Encryption.csproj", "{40A320DA-D5FA-49D7-9B10-AA0CF7DA3101}"
EndProject
Project("{FAE04EC0-301F-11D3-BF4B-00C04F79EFBC}") = "03. The Isle of Man TT Race", "03. The Isle of Man TT Race\03. The Isle of Man TT Race.csproj", "{BCD62E49-9E58-4271-918B-F092629FA570}"
EndProject
Global
	GlobalSection(SolutionConfigurationPlatforms) = preSolution
		Debug|Any CPU = Debug|Any CPU
		Release|Any CPU = Release|Any CPU
	EndGlobalSection
	GlobalSection(ProjectConfigurationPlatforms) = postSolution
		{FA2DD4B1-BB35-4D16-81C6-F0FDEC5784FD}.Debug|Any CPU.ActiveCfg = Debug|Any CPU
		{FA2DD4B1-BB35-4D16-81C6-F0FDEC5784FD}.Debug|Any CPU.Build.0 = Debug|Any CPU
		{FA2DD4B1-BB35-4D16-81C6-F0FDEC5784FD}.Release|Any CPU.ActiveCfg = Release|Any CPU
		{FA2DD4B1-BB35-4D16-81C6-F0FDEC5784FD}.Release|Any CPU.Build.0 = Release|Any CPU
		{40A320DA-D5FA-49D7-9B10-AA0CF7DA3101}.Debug|Any CPU.ActiveCfg = Debug|Any CPU
		{40A320DA-D5FA-49D7-9B10-AA0CF7DA3101}.Debug|Any CPU.Build.0 = Debug|Any CPU
		{40A320DA-D5FA-49D7-9B10-AA0CF7DA3101}.Release|Any CPU.ActiveCfg = Release|Any CPU
		{40A320DA-D5FA-49D7-9B10-AA0CF7DA3101}.Release|Any CPU.Build.0 = Release|Any CPU
		{BCD62E49-9E58-4271-918B-F092629FA570}.Debug|Any CPU.ActiveCfg = Debug|Any CPU
		{BCD62E49-9E58-4271-918B-F092629FA570}.Debug|Any CPU.Build.0 = Debug|Any CPU
		{BCD62E49-9E58-4271-918B-F092629FA570}.Release|Any CPU.ActiveCfg = Release|Any CPU
		{BCD62E49-9E58-4271-918B-F092629FA570}.Release|Any CPU.Build.0 = Release|Any CPU
	EndGlobalSection
	GlobalSection(SolutionProperties) = preSolution
		HideSolutionNode = FALSE
	EndGlobalSection
	GlobalSection(ExtensibilityGlobals) = postSolution
		SolutionGuid = {6C81477C-DC28-43EE-8A73-EF67B93849CD}
	EndGlobalSection
EndGlobal
